{
  "version": 4,
  "terraform_version": "1.2.6",
  "serial": 14,
  "lineage": "3fd27e8b-ff29-88f2-8858-efaa5a8e3b3c",
  "outputs": {},
  "resources": [
    {
      "mode": "managed",
      "type": "digitalocean_kubernetes_cluster",
      "name": "k8s_iniciativa",
      "provider": "provider[\"registry.terraform.io/digitalocean/digitalocean\"]",
      "instances": [
        {
          "schema_version": 3,
          "attributes": {
            "auto_upgrade": false,
            "cluster_subnet": "10.244.0.0/16",
            "created_at": "2022-08-05 01:25:54 +0000 UTC",
            "endpoint": "https://984c0762-2477-4bed-bebc-51af915a4182.k8s.ondigitalocean.com",
            "ha": false,
            "id": "984c0762-2477-4bed-bebc-51af915a4182",
            "ipv4_address": "",
            "kube_config": [
              {
                "client_certificate": "",
                "client_key": "",
                "cluster_ca_certificate": "LS0tLS1CRUdJTiBDRVJUSUZJQ0FURS0tLS0tCk1JSURKekNDQWcrZ0F3SUJBZ0lDQm5Vd0RRWUpLb1pJaHZjTkFRRUxCUUF3TXpFVk1CTUdBMVVFQ2hNTVJHbG4KYVhSaGJFOWpaV0Z1TVJvd0dBWURWUVFERXhGck9ITmhZWE1nUTJ4MWMzUmxjaUJEUVRBZUZ3MHlNakE0TURVdwpNVEkxTlRWYUZ3MDBNakE0TURVd01USTFOVFZhTURNeEZUQVRCZ05WQkFvVERFUnBaMmwwWVd4UFkyVmhiakVhCk1CZ0dBMVVFQXhNUmF6aHpZV0Z6SUVOc2RYTjBaWElnUTBFd2dnRWlNQTBHQ1NxR1NJYjNEUUVCQVFVQUE0SUIKRHdBd2dnRUtBb0lCQVFDMmNDTUdUVWdkWkl0K1VDTjBSOVFDTWVMYnZERnhYWFJYODFTQlZuVkNBRitlRXpuRgo4Y2hDTUMvdkpwN1A0aVhsSVU4UE11S0Zzb3dRY2VTMU9rbEF6eDJqS2ZoakhTVFRsZ2xZV2QrTWQxcGlVZVZBClM0N2hTNDNpM0F5N0p3V3g0OXFieGxrSldSK3ZpOUdQUExteEFVOUcxTVNTVlJnUGI5RExMQ3VSQmF3Unl4TC8KSU9SbFVDYmRzODNKTjVKeDdIRm9pd2RyMk8xeGxTTEpBem1adjJjWVlnbXVwWXJEc2VRZlNvQkVJdDZBSlE2MgpFRWRRalBOZGJYWE14QlJYYXlTQWZxTWdsYitWRW9PQ1FkSVc2L0F0MjBmYzJRWVV3K3dqS0k3dlVlRjZ3YW5yClFhZjVIZXB6TmlER3ltV0Q4UXRNN0txSjZnMlRkb3pmUkRaMUFnTUJBQUdqUlRCRE1BNEdBMVVkRHdFQi93UUUKQXdJQmhqQVNCZ05WSFJNQkFmOEVDREFHQVFIL0FnRUFNQjBHQTFVZERnUVdCQlRBMmgvemU5ZEx1YlhTazh2bApXbTgyeUpGZGhUQU5CZ2txaGtpRzl3MEJBUXNGQUFPQ0FRRUFZaVZCRHl6NnRGajI0U08vbXQ4bkxmZWxkYmlqClR6MFQ4WWY5STBzUTg1QTJ1OWQ5VytINXZXbG94WjlGb09iRUhSa0c0bDZZbmxaRlBleWYvVmVGMTA1S3N2OUUKZjJjMzc0cWNWbzRoVHVTR28rdTJzNXZ5YjBEbVVObGZ4blRmT2NLZnZvZDdlL01tOHBmMzZpaHRGbGNSQld0bQpjMzMzTEwxaTA1T2tlWDlhL0xvYlJFNzl1Wm5MRU5QMnJQbi83WG1sNWM2d0N4VkJwVjQ1c3lHeFl3S2RGbkhrCmkxdWhSTVhSVjZib0RTZndhaDBwb1kvN0dYVmVyQnkrYVZUU0VNQ3FzNEJUM0pOMDcrNVZRZ2huL0ZQMVJDT2QKeXdUL090RXhSL2FxZGI0UlhaNWxITFNkMjhVejZIaDBjc3MwM2o4NFZpUHA2b1gza0QwcEU5dzdwQT09Ci0tLS0tRU5EIENFUlRJRklDQVRFLS0tLS0K",
                "expires_at": "2022-08-12T01:36:05Z",
                "host": "https://984c0762-2477-4bed-bebc-51af915a4182.k8s.ondigitalocean.com",
                "raw_config": "apiVersion: v1\nkind: Config\nclusters:\n- cluster:\n    certificate-authority-data: LS0tLS1CRUdJTiBDRVJUSUZJQ0FURS0tLS0tCk1JSURKekNDQWcrZ0F3SUJBZ0lDQm5Vd0RRWUpLb1pJaHZjTkFRRUxCUUF3TXpFVk1CTUdBMVVFQ2hNTVJHbG4KYVhSaGJFOWpaV0Z1TVJvd0dBWURWUVFERXhGck9ITmhZWE1nUTJ4MWMzUmxjaUJEUVRBZUZ3MHlNakE0TURVdwpNVEkxTlRWYUZ3MDBNakE0TURVd01USTFOVFZhTURNeEZUQVRCZ05WQkFvVERFUnBaMmwwWVd4UFkyVmhiakVhCk1CZ0dBMVVFQXhNUmF6aHpZV0Z6SUVOc2RYTjBaWElnUTBFd2dnRWlNQTBHQ1NxR1NJYjNEUUVCQVFVQUE0SUIKRHdBd2dnRUtBb0lCQVFDMmNDTUdUVWdkWkl0K1VDTjBSOVFDTWVMYnZERnhYWFJYODFTQlZuVkNBRitlRXpuRgo4Y2hDTUMvdkpwN1A0aVhsSVU4UE11S0Zzb3dRY2VTMU9rbEF6eDJqS2ZoakhTVFRsZ2xZV2QrTWQxcGlVZVZBClM0N2hTNDNpM0F5N0p3V3g0OXFieGxrSldSK3ZpOUdQUExteEFVOUcxTVNTVlJnUGI5RExMQ3VSQmF3Unl4TC8KSU9SbFVDYmRzODNKTjVKeDdIRm9pd2RyMk8xeGxTTEpBem1adjJjWVlnbXVwWXJEc2VRZlNvQkVJdDZBSlE2MgpFRWRRalBOZGJYWE14QlJYYXlTQWZxTWdsYitWRW9PQ1FkSVc2L0F0MjBmYzJRWVV3K3dqS0k3dlVlRjZ3YW5yClFhZjVIZXB6TmlER3ltV0Q4UXRNN0txSjZnMlRkb3pmUkRaMUFnTUJBQUdqUlRCRE1BNEdBMVVkRHdFQi93UUUKQXdJQmhqQVNCZ05WSFJNQkFmOEVDREFHQVFIL0FnRUFNQjBHQTFVZERnUVdCQlRBMmgvemU5ZEx1YlhTazh2bApXbTgyeUpGZGhUQU5CZ2txaGtpRzl3MEJBUXNGQUFPQ0FRRUFZaVZCRHl6NnRGajI0U08vbXQ4bkxmZWxkYmlqClR6MFQ4WWY5STBzUTg1QTJ1OWQ5VytINXZXbG94WjlGb09iRUhSa0c0bDZZbmxaRlBleWYvVmVGMTA1S3N2OUUKZjJjMzc0cWNWbzRoVHVTR28rdTJzNXZ5YjBEbVVObGZ4blRmT2NLZnZvZDdlL01tOHBmMzZpaHRGbGNSQld0bQpjMzMzTEwxaTA1T2tlWDlhL0xvYlJFNzl1Wm5MRU5QMnJQbi83WG1sNWM2d0N4VkJwVjQ1c3lHeFl3S2RGbkhrCmkxdWhSTVhSVjZib0RTZndhaDBwb1kvN0dYVmVyQnkrYVZUU0VNQ3FzNEJUM0pOMDcrNVZRZ2huL0ZQMVJDT2QKeXdUL090RXhSL2FxZGI0UlhaNWxITFNkMjhVejZIaDBjc3MwM2o4NFZpUHA2b1gza0QwcEU5dzdwQT09Ci0tLS0tRU5EIENFUlRJRklDQVRFLS0tLS0K\n    server: https://984c0762-2477-4bed-bebc-51af915a4182.k8s.ondigitalocean.com\n  name: do-nyc1-k8s-iniciativa\ncontexts:\n- context:\n    cluster: do-nyc1-k8s-iniciativa\n    user: do-nyc1-k8s-iniciativa-admin\n  name: do-nyc1-k8s-iniciativa\ncurrent-context: do-nyc1-k8s-iniciativa\nusers:\n- name: do-nyc1-k8s-iniciativa-admin\n  user:\n    token: dop_v1_cbfa2267a53e2f5cd38adcde72d6ed514082c1594c25f6ea9b8f4947509476d0\n",
                "token": "dop_v1_cbfa2267a53e2f5cd38adcde72d6ed514082c1594c25f6ea9b8f4947509476d0"
              }
            ],
            "maintenance_policy": [
              {
                "day": "any",
                "duration": "4h0m0s",
                "start_time": "8:00"
              }
            ],
            "name": "k8s-iniciativa-devops",
            "node_pool": [
              {
                "actual_node_count": 3,
                "auto_scale": false,
                "id": "2cd9e558-7e99-4a81-ba7a-5c991bcf63fe",
                "labels": {},
                "max_nodes": 0,
                "min_nodes": 0,
                "name": "worker-pool",
                "node_count": 3,
                "nodes": [
                  {
                    "created_at": "2022-08-05 01:25:54 +0000 UTC",
                    "droplet_id": "311283042",
                    "id": "e25a3392-2aa6-4bf9-b521-b78cb1ff9e46",
                    "name": "worker-pool-7nl16",
                    "status": "running",
                    "updated_at": "2022-08-05 01:27:59 +0000 UTC"
                  },
                  {
                    "created_at": "2022-08-05 01:25:54 +0000 UTC",
                    "droplet_id": "311283040",
                    "id": "ff3026bf-4987-41d6-8d66-0ec611af3c4e",
                    "name": "worker-pool-7nl1t",
                    "status": "running",
                    "updated_at": "2022-08-05 01:27:59 +0000 UTC"
                  },
                  {
                    "created_at": "2022-08-05 01:25:54 +0000 UTC",
                    "droplet_id": "311283041",
                    "id": "c1410edf-7fe8-44a8-b6ce-d74c003c40cc",
                    "name": "worker-pool-7nl1l",
                    "status": "running",
                    "updated_at": "2022-08-05 01:27:59 +0000 UTC"
                  }
                ],
                "size": "s-2vcpu-2gb",
                "tags": [],
                "taint": []
              }
            ],
            "region": "nyc1",
            "service_subnet": "10.245.0.0/16",
            "status": "running",
            "surge_upgrade": true,
            "tags": [],
            "timeouts": null,
            "updated_at": "2022-08-05 02:09:26 +0000 UTC",
            "urn": "do:kubernetes:984c0762-2477-4bed-bebc-51af915a4182",
            "version": "1.23.9-do.0",
            "vpc_uuid": "7ac9d247-81f0-4495-92c0-765b64a1932a"
          },
          "sensitive_attributes": [],
          "private": "eyJlMmJmYjczMC1lY2FhLTExZTYtOGY4OC0zNDM2M2JjN2M0YzAiOnsiY3JlYXRlIjoxODAwMDAwMDAwMDAwfSwic2NoZW1hX3ZlcnNpb24iOiIzIn0="
        }
      ]
    },
    {
      "mode": "managed",
      "type": "digitalocean_kubernetes_node_pool",
      "name": "node_premium",
      "provider": "provider[\"registry.terraform.io/digitalocean/digitalocean\"]",
      "instances": [
        {
          "schema_version": 1,
          "attributes": {
            "actual_node_count": 2,
            "auto_scale": false,
            "cluster_id": "984c0762-2477-4bed-bebc-51af915a4182",
            "id": "eddf5701-c5fc-4dd9-9134-c4e560c0c080",
            "labels": {},
            "max_nodes": 0,
            "min_nodes": 0,
            "name": "premium",
            "node_count": 2,
            "nodes": [
              {
                "created_at": "2022-08-05 01:43:47 +0000 UTC",
                "droplet_id": "311284233",
                "id": "396d0d97-8001-4b0f-aaf1-eb5acdb44295",
                "name": "premium-7nl9a",
                "status": "running",
                "updated_at": "2022-08-05 01:44:36 +0000 UTC"
              },
              {
                "created_at": "2022-08-05 01:43:47 +0000 UTC",
                "droplet_id": "311284232",
                "id": "65aaee32-7740-4d9b-afbb-b3efb46cc6d8",
                "name": "premium-7nl96",
                "status": "running",
                "updated_at": "2022-08-05 01:44:36 +0000 UTC"
              }
            ],
            "size": "s-4vcpu-8gb",
            "tags": [],
            "taint": [],
            "timeouts": null
          },
          "sensitive_attributes": [],
          "private": "eyJlMmJmYjczMC1lY2FhLTExZTYtOGY4OC0zNDM2M2JjN2M0YzAiOnsiY3JlYXRlIjoxODAwMDAwMDAwMDAwLCJkZWxldGUiOjE4MDAwMDAwMDAwMDB9LCJzY2hlbWFfdmVyc2lvbiI6IjEifQ==",
          "dependencies": [
            "digitalocean_kubernetes_cluster.k8s_iniciativa"
          ]
        }
      ]
    }
  ]
}
